
Microsoft Visual Studio Solution File, Format Version 12.00
# Visual Studio Version 17
VisualStudioVersion = 17.4.33403.182
MinimumVisualStudioVersion = 10.0.40219.1
Project("{FAE04EC0-301F-11D3-BF4B-00C04F79EFBC}") = "Hitomi.NET", "Hitomi.NET\Hitomi.NET.csproj", "{B266331D-2429-4549-ADA3-9BAD73216866}"
EndProject
Global
	GlobalSection(SolutionConfigurationPlatforms) = preSolution
		Debug|Any CPU = Debug|Any CPU
		Release|Any CPU = Release|Any CPU
	EndGlobalSection
	GlobalSection(ProjectConfigurationPlatforms) = postSolution
		{B266331D-2429-4549-ADA3-9BAD73216866}.Debug|Any CPU.ActiveCfg = Debug|Any CPU
		{B266331D-2429-4549-ADA3-9BAD73216866}.Debug|Any CPU.Build.0 = Debug|Any CPU
		{B266331D-2429-4549-ADA3-9BAD73216866}.Release|Any CPU.ActiveCfg = Release|Any CPU
		{B266331D-2429-4549-ADA3-9BAD73216866}.Release|Any CPU.Build.0 = Release|Any CPU
	EndGlobalSection
	GlobalSection(SolutionProperties) = preSolution
		HideSolutionNode = FALSE
	EndGlobalSection
	GlobalSection(ExtensibilityGlobals) = postSolution
		SolutionGuid = {C3E6C825-0B2B-4154-967F-C0AF223577AF}
	EndGlobalSection
EndGlobal
